<?xml version="1.0" encoding="utf-8"?>
<Project ToolsVersion="4.0" xmlns="http://schemas.microsoft.com/developer/msbuild/2003">
  <ItemGroup>
    <Filter Include="Source Files">
      <UniqueIdentifier>{4FC737F1-C7A5-4376-A066-2A32D752A2FF}</UniqueIdentifier>
      <Extensions>cpp;c;cc;cxx;def;odl;idl;hpj;bat;asm;asmx</Extensions>
    </Filter>
    <Filter Include="Header Files">
      <UniqueIdentifier>{93995380-89BD-4b04-88EB-625FBE52EBFB}</UniqueIdentifier>
      <Extensions>h;hh;hpp;hxx;hm;inl;inc;xsd</Extensions>
    </Filter>
    <Filter Include="Resource Files">
      <UniqueIdentifier>{67DA6AB6-F800-4c08-8B7A-83BB121AAD01}</UniqueIdentifier>
      <Extensions>rc;ico;cur;bmp;dlg;rc2;rct;bin;rgs;gif;jpg;jpeg;jpe;resx;tiff;tif;png;wav;mfcribbon-ms</Extensions>
    </Filter>
  </ItemGroup>
  <ItemGroup>
    <Text Include="ReadMe.txt" />
    <Text Include="TODO.txt" />
  </ItemGroup>
  <ItemGroup>
    <ClInclude Include="Engine\SymphonyEngine.h">
      <Filter>Header Files</Filter>
    </ClInclude>
    <ClInclude Include="Utilities\Singleton.h">
      <Filter>Header Files</Filter>
    </ClInclude>
    <ClInclude Include="Debugging\Debugging.h">
      <Filter>Header Files</Filter>
    </ClInclude>
    <ClInclude Include="Common.h">
      <Filter>Header Files</Filter>
    </ClInclude>
    <ClInclude Include="Window\Window.h">
      <Filter>Header Files</Filter>
    </ClInclude>
    <ClInclude Include="Input\Keyboard.h">
      <Filter>Header Files</Filter>
    </ClInclude>
    <ClInclude Include="Input\InputManager.h">
      <Filter>Header Files</Filter>
    </ClInclude>
    <ClInclude Include="Time\Time.h">
      <Filter>Header Files</Filter>
    </ClInclude>
    <ClInclude Include="Input\Mouse.h">
      <Filter>Header Files</Filter>
    </ClInclude>
    <ClInclude Include="Input\Input.h">
      <Filter>Header Files</Filter>
    </ClInclude>
    <ClInclude Include="Rendering\Mesh.h">
      <Filter>Header Files</Filter>
    </ClInclude>
    <ClInclude Include="Rendering\Color.h">
      <Filter>Header Files</Filter>
    </ClInclude>
    <ClInclude Include="Rendering\Shader.h">
      <Filter>Header Files</Filter>
    </ClInclude>
    <ClInclude Include="Rendering\Renderer.h">
      <Filter>Header Files</Filter>
    </ClInclude>
    <ClInclude Include="Window\Screen.h">
      <Filter>Header Files</Filter>
    </ClInclude>
    <ClInclude Include="Rendering\Texture.h">
      <Filter>Header Files</Filter>
    </ClInclude>
    <ClInclude Include="Rendering\TextureManager.h">
      <Filter>Header Files</Filter>
    </ClInclude>
    <ClInclude Include="Rendering\RenderObject.h">
      <Filter>Header Files</Filter>
    </ClInclude>
    <ClInclude Include="Scene\Scene.h">
      <Filter>Header Files</Filter>
    </ClInclude>
    <ClInclude Include="Scene\GameObject.h">
      <Filter>Header Files</Filter>
    </ClInclude>
    <ClInclude Include="Scene\Camera\Camera.h">
      <Filter>Header Files</Filter>
    </ClInclude>
    <ClInclude Include="Scene\Camera\Frustum.h">
      <Filter>Header Files</Filter>
    </ClInclude>
    <ClInclude Include="Scene\Camera\OrthographicCamera.h">
      <Filter>Header Files</Filter>
    </ClInclude>
    <ClInclude Include="Scene\Camera\PerspectiveCamera.h">
      <Filter>Header Files</Filter>
    </ClInclude>
    <ClInclude Include="Scene\Camera\Plane.h">
      <Filter>Header Files</Filter>
    </ClInclude>
    <ClInclude Include="Scene\Camera\ViewPort.h">
      <Filter>Header Files</Filter>
    </ClInclude>
    <ClInclude Include="Scene\Transform.h">
      <Filter>Header Files</Filter>
    </ClInclude>
    <ClInclude Include="Scene\Light\Light.h">
      <Filter>Header Files</Filter>
    </ClInclude>
    <ClInclude Include="Scene\Light\PointLight.h">
      <Filter>Header Files</Filter>
    </ClInclude>
    <ClInclude Include="Scene\Light\DirectionalLight.h">
      <Filter>Header Files</Filter>
    </ClInclude>
    <ClInclude Include="Rendering\Material.h">
      <Filter>Header Files</Filter>
    </ClInclude>
    <ClInclude Include="Scene\Light\Spotlight.h">
      <Filter>Header Files</Filter>
    </ClInclude>
    <ClInclude Include="Rendering\Skybox.h">
      <Filter>Header Files</Filter>
    </ClInclude>
    <ClInclude Include="Scene\Text\Text.h">
      <Filter>Header Files</Filter>
    </ClInclude>
    <ClInclude Include="Scene\Text\TextCharacter.h">
      <Filter>Header Files</Filter>
    </ClInclude>
    <ClInclude Include="Scene\Text\Text2D.h">
      <Filter>Header Files</Filter>
    </ClInclude>
    <ClInclude Include="Scene\SceneRoot.h">
      <Filter>Header Files</Filter>
    </ClInclude>
    <ClInclude Include="Rendering\UI\UIRenderer.h">
      <Filter>Header Files</Filter>
    </ClInclude>
    <ClInclude Include="Macros\ClassMacros.h">
      <Filter>Header Files</Filter>
    </ClInclude>
    <ClInclude Include="IO\DataReader.h">
      <Filter>Header Files</Filter>
    </ClInclude>
    <ClInclude Include="Macros\PlatformMacros.h">
      <Filter>Header Files</Filter>
    </ClInclude>
    <ClInclude Include="Input\GamePad.h">
      <Filter>Header Files</Filter>
    </ClInclude>
    <ClInclude Include="Macros\QAMacros.h">
      <Filter>Header Files</Filter>
    </ClInclude>
    <ClInclude Include="Rendering\Font.h">
      <Filter>Header Files</Filter>
    </ClInclude>
    <ClInclude Include="Rendering\FontManager.h">
      <Filter>Header Files</Filter>
    </ClInclude>
  </ItemGroup>
  <ItemGroup>
    <ClCompile Include="Engine\SymphonyEngine.cpp">
      <Filter>Source Files</Filter>
    </ClCompile>
    <ClCompile Include="Debugging\Debugging.cpp">
      <Filter>Source Files</Filter>
    </ClCompile>
    <ClCompile Include="Window\Window.cpp">
      <Filter>Source Files</Filter>
    </ClCompile>
    <ClCompile Include="Input\Keyboard.cpp">
      <Filter>Source Files</Filter>
    </ClCompile>
    <ClCompile Include="Input\InputManager.cpp">
      <Filter>Source Files</Filter>
    </ClCompile>
    <ClCompile Include="Time\Time.cpp">
      <Filter>Source Files</Filter>
    </ClCompile>
    <ClCompile Include="Input\Mouse.cpp">
      <Filter>Source Files</Filter>
    </ClCompile>
    <ClCompile Include="Rendering\Mesh.cpp">
      <Filter>Source Files</Filter>
    </ClCompile>
    <ClCompile Include="Rendering\Shader.cpp">
      <Filter>Source Files</Filter>
    </ClCompile>
    <ClCompile Include="Window\Screen.cpp">
      <Filter>Source Files</Filter>
    </ClCompile>
    <ClCompile Include="Rendering\TextureManager.cpp">
      <Filter>Source Files</Filter>
    </ClCompile>
    <ClCompile Include="Rendering\RenderObject.cpp">
      <Filter>Source Files</Filter>
    </ClCompile>
    <ClCompile Include="Rendering\Renderer.cpp">
      <Filter>Source Files</Filter>
    </ClCompile>
    <ClCompile Include="Scene\Scene.cpp">
      <Filter>Source Files</Filter>
    </ClCompile>
    <ClCompile Include="Scene\GameObject.cpp">
      <Filter>Source Files</Filter>
    </ClCompile>
    <ClCompile Include="Scene\Camera\Camera.cpp">
      <Filter>Source Files</Filter>
    </ClCompile>
    <ClCompile Include="Scene\Camera\Frustum.cpp">
      <Filter>Source Files</Filter>
    </ClCompile>
    <ClCompile Include="Scene\Camera\OrthographicCamera.cpp">
      <Filter>Source Files</Filter>
    </ClCompile>
    <ClCompile Include="Scene\Camera\PerspectiveCamera.cpp">
      <Filter>Source Files</Filter>
    </ClCompile>
    <ClCompile Include="Scene\Transform.cpp">
      <Filter>Source Files</Filter>
    </ClCompile>
    <ClCompile Include="Scene\Light\Light.cpp">
      <Filter>Source Files</Filter>
    </ClCompile>
    <ClCompile Include="Scene\Light\PointLight.cpp">
      <Filter>Source Files</Filter>
    </ClCompile>
    <ClCompile Include="Scene\Light\DirectionalLight.cpp">
      <Filter>Source Files</Filter>
    </ClCompile>
    <ClCompile Include="Scene\Light\Spotlight.cpp">
      <Filter>Source Files</Filter>
    </ClCompile>
    <ClCompile Include="Rendering\Skybox.cpp">
      <Filter>Source Files</Filter>
    </ClCompile>
    <ClCompile Include="Scene\Text\TextCharacter.cpp">
      <Filter>Source Files</Filter>
    </ClCompile>
    <ClCompile Include="Scene\Text\Text2D.cpp">
      <Filter>Source Files</Filter>
    </ClCompile>
    <ClCompile Include="Rendering\UI\UIRenderer.cpp">
      <Filter>Source Files</Filter>
    </ClCompile>
    <ClCompile Include="IO\DataReader.cpp">
      <Filter>Source Files</Filter>
    </ClCompile>
    <ClCompile Include="Input\GamePad.cpp">
      <Filter>Source Files</Filter>
    </ClCompile>
    <ClCompile Include="Scene\Text\Text.cpp">
      <Filter>Source Files</Filter>
    </ClCompile>
    <ClCompile Include="Rendering\Font.cpp">
      <Filter>Source Files</Filter>
    </ClCompile>
    <ClCompile Include="Rendering\FontManager.cpp">
      <Filter>Source Files</Filter>
    </ClCompile>
  </ItemGroup>
</Project>