
Microsoft Visual Studio Solution File, Format Version 12.00
# Visual Studio 14
VisualStudioVersion = 14.0.25123.0
MinimumVisualStudioVersion = 10.0.40219.1
Project("{8BC9CEB8-8B4A-11D0-8D11-00A0C91BC942}") = "SymphonyEngine", "SymphonyEngine\SymphonyEngine.vcxproj", "{FBE457F3-3BB5-46E1-B6D1-921A927C44B4}"
EndProject
Project("{8BC9CEB8-8B4A-11D0-8D11-00A0C91BC942}") = "SymphonyDemo", "SymphonyDemo\SymphonyDemo.vcxproj", "{6B0CEF5C-8594-4688-ABF7-7BC6873B2D42}"
	ProjectSection(ProjectDependencies) = postProject
		{FBE457F3-3BB5-46E1-B6D1-921A927C44B4} = {FBE457F3-3BB5-46E1-B6D1-921A927C44B4}
	EndProjectSection
EndProject
Global
	GlobalSection(SolutionConfigurationPlatforms) = preSolution
		Debug|x64 = Debug|x64
		Debug|x86 = Debug|x86
		Release|x64 = Release|x64
		Release|x86 = Release|x86
	EndGlobalSection
	GlobalSection(ProjectConfigurationPlatforms) = postSolution
		{FBE457F3-3BB5-46E1-B6D1-921A927C44B4}.Debug|x64.ActiveCfg = Debug|x64
		{FBE457F3-3BB5-46E1-B6D1-921A927C44B4}.Debug|x64.Build.0 = Debug|x64
		{FBE457F3-3BB5-46E1-B6D1-921A927C44B4}.Debug|x86.ActiveCfg = Debug|Win32
		{FBE457F3-3BB5-46E1-B6D1-921A927C44B4}.Debug|x86.Build.0 = Debug|Win32
		{FBE457F3-3BB5-46E1-B6D1-921A927C44B4}.Release|x64.ActiveCfg = Release|x64
		{FBE457F3-3BB5-46E1-B6D1-921A927C44B4}.Release|x64.Build.0 = Release|x64
		{FBE457F3-3BB5-46E1-B6D1-921A927C44B4}.Release|x86.ActiveCfg = Release|Win32
		{FBE457F3-3BB5-46E1-B6D1-921A927C44B4}.Release|x86.Build.0 = Release|Win32
		{6B0CEF5C-8594-4688-ABF7-7BC6873B2D42}.Debug|x64.ActiveCfg = Debug|x64
		{6B0CEF5C-8594-4688-ABF7-7BC6873B2D42}.Debug|x64.Build.0 = Debug|x64
		{6B0CEF5C-8594-4688-ABF7-7BC6873B2D42}.Debug|x86.ActiveCfg = Debug|Win32
		{6B0CEF5C-8594-4688-ABF7-7BC6873B2D42}.Debug|x86.Build.0 = Debug|Win32
		{6B0CEF5C-8594-4688-ABF7-7BC6873B2D42}.Release|x64.ActiveCfg = Release|x64
		{6B0CEF5C-8594-4688-ABF7-7BC6873B2D42}.Release|x64.Build.0 = Release|x64
		{6B0CEF5C-8594-4688-ABF7-7BC6873B2D42}.Release|x86.ActiveCfg = Release|Win32
		{6B0CEF5C-8594-4688-ABF7-7BC6873B2D42}.Release|x86.Build.0 = Release|Win32
	EndGlobalSection
	GlobalSection(SolutionProperties) = preSolution
		HideSolutionNode = FALSE
	EndGlobalSection
EndGlobal
